// !$*UTF8*$!
{
	archiveVersion = 1;
	classes = {
	};
	objectVersion = 50;
	objects = {

/* Begin PBXBuildFile section */
		68CDF27A895C1213412FA315 /* libPods-JXRequest.a in Frameworks */ = {isa = PBXBuildFile; fileRef = 89BA2D4673B506B85C4ADAC0 /* libPods-JXRequest.a */; };
		7A106C5B2689AC44000A6BDB /* Enviroment.swift in Sources */ = {isa = PBXBuildFile; fileRef = 7A106C5A2689AC44000A6BDB /* Enviroment.swift */; };
		7A56F650268483F3005164D9 /* AppDelegate.swift in Sources */ = {isa = PBXBuildFile; fileRef = 7A56F64F268483F3005164D9 /* AppDelegate.swift */; };
		7A56F652268483F3005164D9 /* SceneDelegate.swift in Sources */ = {isa = PBXBuildFile; fileRef = 7A56F651268483F3005164D9 /* SceneDelegate.swift */; };
		7A56F654268483F3005164D9 /* ViewController.swift in Sources */ = {isa = PBXBuildFile; fileRef = 7A56F653268483F3005164D9 /* ViewController.swift */; };
		7A56F657268483F3005164D9 /* Main.storyboard in Resources */ = {isa = PBXBuildFile; fileRef = 7A56F655268483F3005164D9 /* Main.storyboard */; };
		7A56F659268483FB005164D9 /* Assets.xcassets in Resources */ = {isa = PBXBuildFile; fileRef = 7A56F658268483FB005164D9 /* Assets.xcassets */; };
		7A56F65C268483FB005164D9 /* LaunchScreen.storyboard in Resources */ = {isa = PBXBuildFile; fileRef = 7A56F65A268483FB005164D9 /* LaunchScreen.storyboard */; };
		7A56F667268483FC005164D9 /* JXRequestTests.swift in Sources */ = {isa = PBXBuildFile; fileRef = 7A56F666268483FC005164D9 /* JXRequestTests.swift */; };
		7A56F672268483FC005164D9 /* JXRequestUITests.swift in Sources */ = {isa = PBXBuildFile; fileRef = 7A56F671268483FC005164D9 /* JXRequestUITests.swift */; };
		7A56F681268484B8005164D9 /* Request.swift in Sources */ = {isa = PBXBuildFile; fileRef = 7A56F680268484B8005164D9 /* Request.swift */; };
		7A56F68326848A8A005164D9 /* HttpMethod.swift in Sources */ = {isa = PBXBuildFile; fileRef = 7A56F68226848A8A005164D9 /* HttpMethod.swift */; };
		7A56F68726857EFF005164D9 /* Podfile in Resources */ = {isa = PBXBuildFile; fileRef = 7A56F68626857EFF005164D9 /* Podfile */; };
		7A56F6892685D16B005164D9 /* Session.swift in Sources */ = {isa = PBXBuildFile; fileRef = 7A56F6882685D16B005164D9 /* Session.swift */; };
		7A80C10B268B0B15007F80E0 /* URLConvertibleBuilder.swift in Sources */ = {isa = PBXBuildFile; fileRef = 7A80C10A268B0B15007F80E0 /* URLConvertibleBuilder.swift */; };
		7A80C10D268B17A7007F80E0 /* SessionProtocol.swift in Sources */ = {isa = PBXBuildFile; fileRef = 7A80C10C268B17A7007F80E0 /* SessionProtocol.swift */; };
		7A80C10F268B1BE4007F80E0 /* TestAPI.swift in Sources */ = {isa = PBXBuildFile; fileRef = 7A80C10E268B1BE4007F80E0 /* TestAPI.swift */; };
		7A80C111268B3D51007F80E0 /* Response.swift in Sources */ = {isa = PBXBuildFile; fileRef = 7A80C110268B3D51007F80E0 /* Response.swift */; };
/* End PBXBuildFile section */

/* Begin PBXContainerItemProxy section */
		7A56F663268483FB005164D9 /* PBXContainerItemProxy */ = {
			isa = PBXContainerItemProxy;
			containerPortal = 7A56F644268483F2005164D9 /* Project object */;
			proxyType = 1;
			remoteGlobalIDString = 7A56F64B268483F3005164D9;
			remoteInfo = JXRequest;
		};
		7A56F66E268483FC005164D9 /* PBXContainerItemProxy */ = {
			isa = PBXContainerItemProxy;
			containerPortal = 7A56F644268483F2005164D9 /* Project object */;
			proxyType = 1;
			remoteGlobalIDString = 7A56F64B268483F3005164D9;
			remoteInfo = JXRequest;
		};
/* End PBXContainerItemProxy section */

/* Begin PBXFileReference section */
		7A106C5A2689AC44000A6BDB /* Enviroment.swift */ = {isa = PBXFileReference; lastKnownFileType = sourcecode.swift; path = Enviroment.swift; sourceTree = "<group>"; };
		7A56F64C268483F3005164D9 /* JXRequest.app */ = {isa = PBXFileReference; explicitFileType = wrapper.application; includeInIndex = 0; path = JXRequest.app; sourceTree = BUILT_PRODUCTS_DIR; };
		7A56F64F268483F3005164D9 /* AppDelegate.swift */ = {isa = PBXFileReference; lastKnownFileType = sourcecode.swift; path = AppDelegate.swift; sourceTree = "<group>"; };
		7A56F651268483F3005164D9 /* SceneDelegate.swift */ = {isa = PBXFileReference; lastKnownFileType = sourcecode.swift; path = SceneDelegate.swift; sourceTree = "<group>"; };
		7A56F653268483F3005164D9 /* ViewController.swift */ = {isa = PBXFileReference; lastKnownFileType = sourcecode.swift; path = ViewController.swift; sourceTree = "<group>"; };
		7A56F656268483F3005164D9 /* Base */ = {isa = PBXFileReference; lastKnownFileType = file.storyboard; name = Base; path = Base.lproj/Main.storyboard; sourceTree = "<group>"; };
		7A56F658268483FB005164D9 /* Assets.xcassets */ = {isa = PBXFileReference; lastKnownFileType = folder.assetcatalog; path = Assets.xcassets; sourceTree = "<group>"; };
		7A56F65B268483FB005164D9 /* Base */ = {isa = PBXFileReference; lastKnownFileType = file.storyboard; name = Base; path = Base.lproj/LaunchScreen.storyboard; sourceTree = "<group>"; };
		7A56F65D268483FB005164D9 /* Info.plist */ = {isa = PBXFileReference; lastKnownFileType = text.plist.xml; path = Info.plist; sourceTree = "<group>"; };
		7A56F662268483FB005164D9 /* JXRequestTests.xctest */ = {isa = PBXFileReference; explicitFileType = wrapper.cfbundle; includeInIndex = 0; path = JXRequestTests.xctest; sourceTree = BUILT_PRODUCTS_DIR; };
		7A56F666268483FC005164D9 /* JXRequestTests.swift */ = {isa = PBXFileReference; lastKnownFileType = sourcecode.swift; path = JXRequestTests.swift; sourceTree = "<group>"; };
		7A56F668268483FC005164D9 /* Info.plist */ = {isa = PBXFileReference; lastKnownFileType = text.plist.xml; path = Info.plist; sourceTree = "<group>"; };
		7A56F66D268483FC005164D9 /* JXRequestUITests.xctest */ = {isa = PBXFileReference; explicitFileType = wrapper.cfbundle; includeInIndex = 0; path = JXRequestUITests.xctest; sourceTree = BUILT_PRODUCTS_DIR; };
		7A56F671268483FC005164D9 /* JXRequestUITests.swift */ = {isa = PBXFileReference; lastKnownFileType = sourcecode.swift; path = JXRequestUITests.swift; sourceTree = "<group>"; };
		7A56F673268483FC005164D9 /* Info.plist */ = {isa = PBXFileReference; lastKnownFileType = text.plist.xml; path = Info.plist; sourceTree = "<group>"; };
		7A56F680268484B8005164D9 /* Request.swift */ = {isa = PBXFileReference; lastKnownFileType = sourcecode.swift; path = Request.swift; sourceTree = "<group>"; };
		7A56F68226848A8A005164D9 /* HttpMethod.swift */ = {isa = PBXFileReference; lastKnownFileType = sourcecode.swift; path = HttpMethod.swift; sourceTree = "<group>"; };
		7A56F68626857EFF005164D9 /* Podfile */ = {isa = PBXFileReference; lastKnownFileType = text; path = Podfile; sourceTree = "<group>"; };
		7A56F6882685D16B005164D9 /* Session.swift */ = {isa = PBXFileReference; lastKnownFileType = sourcecode.swift; path = Session.swift; sourceTree = "<group>"; };
		7A80C10A268B0B15007F80E0 /* URLConvertibleBuilder.swift */ = {isa = PBXFileReference; lastKnownFileType = sourcecode.swift; path = URLConvertibleBuilder.swift; sourceTree = "<group>"; };
		7A80C10C268B17A7007F80E0 /* SessionProtocol.swift */ = {isa = PBXFileReference; lastKnownFileType = sourcecode.swift; path = SessionProtocol.swift; sourceTree = "<group>"; };
		7A80C10E268B1BE4007F80E0 /* TestAPI.swift */ = {isa = PBXFileReference; lastKnownFileType = sourcecode.swift; path = TestAPI.swift; sourceTree = "<group>"; };
		7A80C110268B3D51007F80E0 /* Response.swift */ = {isa = PBXFileReference; lastKnownFileType = sourcecode.swift; path = Response.swift; sourceTree = "<group>"; };
		89BA2D4673B506B85C4ADAC0 /* libPods-JXRequest.a */ = {isa = PBXFileReference; explicitFileType = archive.ar; includeInIndex = 0; path = "libPods-JXRequest.a"; sourceTree = BUILT_PRODUCTS_DIR; };
		A342437FC7EF68ADDF4DB23B /* Pods-JXRequest.release.xcconfig */ = {isa = PBXFileReference; includeInIndex = 1; lastKnownFileType = text.xcconfig; name = "Pods-JXRequest.release.xcconfig"; path = "Target Support Files/Pods-JXRequest/Pods-JXRequest.release.xcconfig"; sourceTree = "<group>"; };
		E0599DC854932E2BD20B8A0F /* Pods-JXRequest.debug.xcconfig */ = {isa = PBXFileReference; includeInIndex = 1; lastKnownFileType = text.xcconfig; name = "Pods-JXRequest.debug.xcconfig"; path = "Target Support Files/Pods-JXRequest/Pods-JXRequest.debug.xcconfig"; sourceTree = "<group>"; };
/* End PBXFileReference section */

/* Begin PBXFrameworksBuildPhase section */
		7A56F649268483F3005164D9 /* Frameworks */ = {
			isa = PBXFrameworksBuildPhase;
			buildActionMask = 2147483647;
			files = (
				68CDF27A895C1213412FA315 /* libPods-JXRequest.a in Frameworks */,
			);
			runOnlyForDeploymentPostprocessing = 0;
		};
		7A56F65F268483FB005164D9 /* Frameworks */ = {
			isa = PBXFrameworksBuildPhase;
			buildActionMask = 2147483647;
			files = (
			);
			runOnlyForDeploymentPostprocessing = 0;
		};
		7A56F66A268483FC005164D9 /* Frameworks */ = {
			isa = PBXFrameworksBuildPhase;
			buildActionMask = 2147483647;
			files = (
			);
			runOnlyForDeploymentPostprocessing = 0;
		};
/* End PBXFrameworksBuildPhase section */

/* Begin PBXGroup section */
		7454182FF82CB998901FB87B /* Pods */ = {
			isa = PBXGroup;
			children = (
				E0599DC854932E2BD20B8A0F /* Pods-JXRequest.debug.xcconfig */,
				A342437FC7EF68ADDF4DB23B /* Pods-JXRequest.release.xcconfig */,
			);
			path = Pods;
			sourceTree = "<group>";
		};
		7A56F643268483F2005164D9 = {
			isa = PBXGroup;
			children = (
				7A56F68626857EFF005164D9 /* Podfile */,
				7A56F64E268483F3005164D9 /* JXRequest */,
				7A56F665268483FC005164D9 /* JXRequestTests */,
				7A56F670268483FC005164D9 /* JXRequestUITests */,
				7A56F64D268483F3005164D9 /* Products */,
				7454182FF82CB998901FB87B /* Pods */,
				D3FEA56D3D505C722721975F /* Frameworks */,
			);
			sourceTree = "<group>";
		};
		7A56F64D268483F3005164D9 /* Products */ = {
			isa = PBXGroup;
			children = (
				7A56F64C268483F3005164D9 /* JXRequest.app */,
				7A56F662268483FB005164D9 /* JXRequestTests.xctest */,
				7A56F66D268483FC005164D9 /* JXRequestUITests.xctest */,
			);
			name = Products;
			sourceTree = "<group>";
		};
		7A56F64E268483F3005164D9 /* JXRequest */ = {
			isa = PBXGroup;
			children = (
				7A56F67F2684840D005164D9 /* Request */,
				7A56F64F268483F3005164D9 /* AppDelegate.swift */,
				7A56F651268483F3005164D9 /* SceneDelegate.swift */,
				7A56F653268483F3005164D9 /* ViewController.swift */,
				7A56F655268483F3005164D9 /* Main.storyboard */,
				7A56F658268483FB005164D9 /* Assets.xcassets */,
				7A56F65A268483FB005164D9 /* LaunchScreen.storyboard */,
				7A56F65D268483FB005164D9 /* Info.plist */,
			);
			path = JXRequest;
			sourceTree = "<group>";
		};
		7A56F665268483FC005164D9 /* JXRequestTests */ = {
			isa = PBXGroup;
			children = (
				7A56F666268483FC005164D9 /* JXRequestTests.swift */,
				7A56F668268483FC005164D9 /* Info.plist */,
			);
			path = JXRequestTests;
			sourceTree = "<group>";
		};
		7A56F670268483FC005164D9 /* JXRequestUITests */ = {
			isa = PBXGroup;
			children = (
				7A56F671268483FC005164D9 /* JXRequestUITests.swift */,
				7A56F673268483FC005164D9 /* Info.plist */,
			);
			path = JXRequestUITests;
			sourceTree = "<group>";
		};
		7A56F67F2684840D005164D9 /* Request */ = {
			isa = PBXGroup;
			children = (
				7A56F680268484B8005164D9 /* Request.swift */,
				7A56F68226848A8A005164D9 /* HttpMethod.swift */,
				7A56F6882685D16B005164D9 /* Session.swift */,
				7A106C5A2689AC44000A6BDB /* Enviroment.swift */,
				7A80C10A268B0B15007F80E0 /* URLConvertibleBuilder.swift */,
				7A80C10C268B17A7007F80E0 /* SessionProtocol.swift */,
				7A80C10E268B1BE4007F80E0 /* TestAPI.swift */,
				7A80C110268B3D51007F80E0 /* Response.swift */,
			);
			path = Request;
			sourceTree = "<group>";
		};
		D3FEA56D3D505C722721975F /* Frameworks */ = {
			isa = PBXGroup;
			children = (
				89BA2D4673B506B85C4ADAC0 /* libPods-JXRequest.a */,
			);
			name = Frameworks;
			sourceTree = "<group>";
		};
/* End PBXGroup section */

/* Begin PBXNativeTarget section */
		7A56F64B268483F3005164D9 /* JXRequest */ = {
			isa = PBXNativeTarget;
			buildConfigurationList = 7A56F676268483FC005164D9 /* Build configuration list for PBXNativeTarget "JXRequest" */;
			buildPhases = (
				5AE9795ED5D9F4BE6B7B4233 /* [CP] Check Pods Manifest.lock */,
				7A56F648268483F3005164D9 /* Sources */,
				7A56F649268483F3005164D9 /* Frameworks */,
				7A56F64A268483F3005164D9 /* Resources */,
			);
			buildRules = (
			);
			dependencies = (
			);
			name = JXRequest;
			productName = JXRequest;
			productReference = 7A56F64C268483F3005164D9 /* JXRequest.app */;
			productType = "com.apple.product-type.application";
		};
		7A56F661268483FB005164D9 /* JXRequestTests */ = {
			isa = PBXNativeTarget;
			buildConfigurationList = 7A56F679268483FC005164D9 /* Build configuration list for PBXNativeTarget "JXRequestTests" */;
			buildPhases = (
				7A56F65E268483FB005164D9 /* Sources */,
				7A56F65F268483FB005164D9 /* Frameworks */,
				7A56F660268483FB005164D9 /* Resources */,
			);
			buildRules = (
			);
			dependencies = (
				7A56F664268483FB005164D9 /* PBXTargetDependency */,
			);
			name = JXRequestTests;
			productName = JXRequestTests;
			productReference = 7A56F662268483FB005164D9 /* JXRequestTests.xctest */;
			productType = "com.apple.product-type.bundle.unit-test";
		};
		7A56F66C268483FC005164D9 /* JXRequestUITests */ = {
			isa = PBXNativeTarget;
			buildConfigurationList = 7A56F67C268483FC005164D9 /* Build configuration list for PBXNativeTarget "JXRequestUITests" */;
			buildPhases = (
				7A56F669268483FC005164D9 /* Sources */,
				7A56F66A268483FC005164D9 /* Frameworks */,
				7A56F66B268483FC005164D9 /* Resources */,
			);
			buildRules = (
			);
			dependencies = (
				7A56F66F268483FC005164D9 /* PBXTargetDependency */,
			);
			name = JXRequestUITests;
			productName = JXRequestUITests;
			productReference = 7A56F66D268483FC005164D9 /* JXRequestUITests.xctest */;
			productType = "com.apple.product-type.bundle.ui-testing";
		};
/* End PBXNativeTarget section */

/* Begin PBXProject section */
		7A56F644268483F2005164D9 /* Project object */ = {
			isa = PBXProject;
			attributes = {
				LastSwiftUpdateCheck = 1250;
				LastUpgradeCheck = 1250;
				TargetAttributes = {
					7A56F64B268483F3005164D9 = {
						CreatedOnToolsVersion = 12.5;
					};
					7A56F661268483FB005164D9 = {
						CreatedOnToolsVersion = 12.5;
						TestTargetID = 7A56F64B268483F3005164D9;
					};
					7A56F66C268483FC005164D9 = {
						CreatedOnToolsVersion = 12.5;
						TestTargetID = 7A56F64B268483F3005164D9;
					};
				};
			};
			buildConfigurationList = 7A56F647268483F2005164D9 /* Build configuration list for PBXProject "JXRequest" */;
			compatibilityVersion = "Xcode 9.3";
			developmentRegion = en;
			hasScannedForEncodings = 0;
			knownRegions = (
				en,
				Base,
			);
			mainGroup = 7A56F643268483F2005164D9;
			productRefGroup = 7A56F64D268483F3005164D9 /* Products */;
			projectDirPath = "";
			projectRoot = "";
			targets = (
				7A56F64B268483F3005164D9 /* JXRequest */,
				7A56F661268483FB005164D9 /* JXRequestTests */,
				7A56F66C268483FC005164D9 /* JXRequestUITests */,
			);
		};
/* End PBXProject section */

/* Begin PBXResourcesBuildPhase section */
		7A56F64A268483F3005164D9 /* Resources */ = {
			isa = PBXResourcesBuildPhase;
			buildActionMask = 2147483647;
			files = (
				7A56F65C268483FB005164D9 /* LaunchScreen.storyboard in Resources */,
				7A56F659268483FB005164D9 /* Assets.xcassets in Resources */,
				7A56F68726857EFF005164D9 /* Podfile in Resources */,
				7A56F657268483F3005164D9 /* Main.storyboard in Resources */,
			);
			runOnlyForDeploymentPostprocessing = 0;
		};
		7A56F660268483FB005164D9 /* Resources */ = {
			isa = PBXResourcesBuildPhase;
			buildActionMask = 2147483647;
			files = (
			);
			runOnlyForDeploymentPostprocessing = 0;
		};
		7A56F66B268483FC005164D9 /* Resources */ = {
			isa = PBXResourcesBuildPhase;
			buildActionMask = 2147483647;
			files = (
			);
			runOnlyForDeploymentPostprocessing = 0;
		};
/* End PBXResourcesBuildPhase section */

/* Begin PBXShellScriptBuildPhase section */
		5AE9795ED5D9F4BE6B7B4233 /* [CP] Check Pods Manifest.lock */ = {
			isa = PBXShellScriptBuildPhase;
			buildActionMask = 2147483647;
			files = (
			);
			inputFileListPaths = (
			);
			inputPaths = (
				"${PODS_PODFILE_DIR_PATH}/Podfile.lock",
				"${PODS_ROOT}/Manifest.lock",
			);
			name = "[CP] Check Pods Manifest.lock";
			outputFileListPaths = (
			);
			outputPaths = (
				"$(DERIVED_FILE_DIR)/Pods-JXRequest-checkManifestLockResult.txt",
			);
			runOnlyForDeploymentPostprocessing = 0;
			shellPath = /bin/sh;
			shellScript = "diff \"${PODS_PODFILE_DIR_PATH}/Podfile.lock\" \"${PODS_ROOT}/Manifest.lock\" > /dev/null\nif [ $? != 0 ] ; then\n    # print error to STDERR\n    echo \"error: The sandbox is not in sync with the Podfile.lock. Run 'pod install' or update your CocoaPods installation.\" >&2\n    exit 1\nfi\n# This output is used by Xcode 'outputs' to avoid re-running this script phase.\necho \"SUCCESS\" > \"${SCRIPT_OUTPUT_FILE_0}\"\n";
			showEnvVarsInLog = 0;
		};
/* End PBXShellScriptBuildPhase section */

/* Begin PBXSourcesBuildPhase section */
		7A56F648268483F3005164D9 /* Sources */ = {
			isa = PBXSourcesBuildPhase;
			buildActionMask = 2147483647;
			files = (
				7A56F6892685D16B005164D9 /* Session.swift in Sources */,
				7A56F654268483F3005164D9 /* ViewController.swift in Sources */,
				7A80C10D268B17A7007F80E0 /* SessionProtocol.swift in Sources */,
				7A106C5B2689AC44000A6BDB /* Enviroment.swift in Sources */,
				7A56F681268484B8005164D9 /* Request.swift in Sources */,
				7A56F68326848A8A005164D9 /* HttpMethod.swift in Sources */,
				7A56F650268483F3005164D9 /* AppDelegate.swift in Sources */,
				7A80C111268B3D51007F80E0 /* Response.swift in Sources */,
				7A56F652268483F3005164D9 /* SceneDelegate.swift in Sources */,
				7A80C10F268B1BE4007F80E0 /* TestAPI.swift in Sources */,
				7A80C10B268B0B15007F80E0 /* URLConvertibleBuilder.swift in Sources */,
			);
			runOnlyForDeploymentPostprocessing = 0;
		};
		7A56F65E268483FB005164D9 /* Sources */ = {
			isa = PBXSourcesBuildPhase;
			buildActionMask = 2147483647;
			files = (
				7A56F667268483FC005164D9 /* JXRequestTests.swift in Sources */,
			);
			runOnlyForDeploymentPostprocessing = 0;
		};
		7A56F669268483FC005164D9 /* Sources */ = {
			isa = PBXSourcesBuildPhase;
			buildActionMask = 2147483647;
			files = (
				7A56F672268483FC005164D9 /* JXRequestUITests.swift in Sources */,
			);
			runOnlyForDeploymentPostprocessing = 0;
		};
/* End PBXSourcesBuildPhase section */

/* Begin PBXTargetDependency section */
		7A56F664268483FB005164D9 /* PBXTargetDependency */ = {
			isa = PBXTargetDependency;
			target = 7A56F64B268483F3005164D9 /* JXRequest */;
			targetProxy = 7A56F663268483FB005164D9 /* PBXContainerItemProxy */;
		};
		7A56F66F268483FC005164D9 /* PBXTargetDependency */ = {
			isa = PBXTargetDependency;
			target = 7A56F64B268483F3005164D9 /* JXRequest */;
			targetProxy = 7A56F66E268483FC005164D9 /* PBXContainerItemProxy */;
		};
/* End PBXTargetDependency section */

/* Begin PBXVariantGroup section */
		7A56F655268483F3005164D9 /* Main.storyboard */ = {
			isa = PBXVariantGroup;
			children = (
				7A56F656268483F3005164D9 /* Base */,
			);
			name = Main.storyboard;
			sourceTree = "<group>";
		};
		7A56F65A268483FB005164D9 /* LaunchScreen.storyboard */ = {
			isa = PBXVariantGroup;
			children = (
				7A56F65B268483FB005164D9 /* Base */,
			);
			name = LaunchScreen.storyboard;
			sourceTree = "<group>";
		};
/* End PBXVariantGroup section */

/* Begin XCBuildConfiguration section */
		7A56F674268483FC005164D9 /* Debug */ = {
			isa = XCBuildConfiguration;
			buildSettings = {
				ALWAYS_SEARCH_USER_PATHS = NO;
				CLANG_ANALYZER_NONNULL = YES;
				CLANG_ANALYZER_NUMBER_OBJECT_CONVERSION = YES_AGGRESSIVE;
				CLANG_CXX_LANGUAGE_STANDARD = "gnu++14";
				CLANG_CXX_LIBRARY = "libc++";
				CLANG_ENABLE_MODULES = YES;
				CLANG_ENABLE_OBJC_ARC = YES;
				CLANG_ENABLE_OBJC_WEAK = YES;
				CLANG_WARN_BLOCK_CAPTURE_AUTORELEASING = YES;
				CLANG_WARN_BOOL_CONVERSION = YES;
				CLANG_WARN_COMMA = YES;
				CLANG_WARN_CONSTANT_CONVERSION = YES;
				CLANG_WARN_DEPRECATED_OBJC_IMPLEMENTATIONS = YES;
				CLANG_WARN_DIRECT_OBJC_ISA_USAGE = YES_ERROR;
				CLANG_WARN_DOCUMENTATION_COMMENTS = YES;
				CLANG_WARN_EMPTY_BODY = YES;
				CLANG_WARN_ENUM_CONVERSION = YES;
				CLANG_WARN_INFINITE_RECURSION = YES;
				CLANG_WARN_INT_CONVERSION = YES;
				CLANG_WARN_NON_LITERAL_NULL_CONVERSION = YES;
				CLANG_WARN_OBJC_IMPLICIT_RETAIN_SELF = YES;
				CLANG_WARN_OBJC_LITERAL_CONVERSION = YES;
				CLANG_WARN_OBJC_ROOT_CLASS = YES_ERROR;
				CLANG_WARN_QUOTED_INCLUDE_IN_FRAMEWORK_HEADER = YES;
				CLANG_WARN_RANGE_LOOP_ANALYSIS = YES;
				CLANG_WARN_STRICT_PROTOTYPES = YES;
				CLANG_WARN_SUSPICIOUS_MOVE = YES;
				CLANG_WARN_UNGUARDED_AVAILABILITY = YES_AGGRESSIVE;
				CLANG_WARN_UNREACHABLE_CODE = YES;
				CLANG_WARN__DUPLICATE_METHOD_MATCH = YES;
				COPY_PHASE_STRIP = NO;
				DEBUG_INFORMATION_FORMAT = dwarf;
				ENABLE_STRICT_OBJC_MSGSEND = YES;
				ENABLE_TESTABILITY = YES;
				GCC_C_LANGUAGE_STANDARD = gnu11;
				GCC_DYNAMIC_NO_PIC = NO;
				GCC_NO_COMMON_BLOCKS = YES;
				GCC_OPTIMIZATION_LEVEL = 0;
				GCC_PREPROCESSOR_DEFINITIONS = (
					"DEBUG=1",
					"$(inherited)",
				);
				GCC_WARN_64_TO_32_BIT_CONVERSION = YES;
				GCC_WARN_ABOUT_RETURN_TYPE = YES_ERROR;
				GCC_WARN_UNDECLARED_SELECTOR = YES;
				GCC_WARN_UNINITIALIZED_AUTOS = YES_AGGRESSIVE;
				GCC_WARN_UNUSED_FUNCTION = YES;
				GCC_WARN_UNUSED_VARIABLE = YES;
				IPHONEOS_DEPLOYMENT_TARGET = 14.5;
				MTL_ENABLE_DEBUG_INFO = INCLUDE_SOURCE;
				MTL_FAST_MATH = YES;
				ONLY_ACTIVE_ARCH = YES;
				SDKROOT = iphoneos;
				SWIFT_ACTIVE_COMPILATION_CONDITIONS = DEBUG;
				SWIFT_OPTIMIZATION_LEVEL = "-Onone";
			};
			name = Debug;
		};
		7A56F675268483FC005164D9 /* Release */ = {
			isa = XCBuildConfiguration;
			buildSettings = {
				ALWAYS_SEARCH_USER_PATHS = NO;
				CLANG_ANALYZER_NONNULL = YES;
				CLANG_ANALYZER_NUMBER_OBJECT_CONVERSION = YES_AGGRESSIVE;
				CLANG_CXX_LANGUAGE_STANDARD = "gnu++14";
				CLANG_CXX_LIBRARY = "libc++";
				CLANG_ENABLE_MODULES = YES;
				CLANG_ENABLE_OBJC_ARC = YES;
				CLANG_ENABLE_OBJC_WEAK = YES;
				CLANG_WARN_BLOCK_CAPTURE_AUTORELEASING = YES;
				CLANG_WARN_BOOL_CONVERSION = YES;
				CLANG_WARN_COMMA = YES;
				CLANG_WARN_CONSTANT_CONVERSION = YES;
				CLANG_WARN_DEPRECATED_OBJC_IMPLEMENTATIONS = YES;
				CLANG_WARN_DIRECT_OBJC_ISA_USAGE = YES_ERROR;
				CLANG_WARN_DOCUMENTATION_COMMENTS = YES;
				CLANG_WARN_EMPTY_BODY = YES;
				CLANG_WARN_ENUM_CONVERSION = YES;
				CLANG_WARN_INFINITE_RECURSION = YES;
				CLANG_WARN_INT_CONVERSION = YES;
				CLANG_WARN_NON_LITERAL_NULL_CONVERSION = YES;
				CLANG_WARN_OBJC_IMPLICIT_RETAIN_SELF = YES;
				CLANG_WARN_OBJC_LITERAL_CONVERSION = YES;
				CLANG_WARN_OBJC_ROOT_CLASS = YES_ERROR;
				CLANG_WARN_QUOTED_INCLUDE_IN_FRAMEWORK_HEADER = YES;
				CLANG_WARN_RANGE_LOOP_ANALYSIS = YES;
				CLANG_WARN_STRICT_PROTOTYPES = YES;
				CLANG_WARN_SUSPICIOUS_MOVE = YES;
				CLANG_WARN_UNGUARDED_AVAILABILITY = YES_AGGRESSIVE;
				CLANG_WARN_UNREACHABLE_CODE = YES;
				CLANG_WARN__DUPLICATE_METHOD_MATCH = YES;
				COPY_PHASE_STRIP = NO;
				DEBUG_INFORMATION_FORMAT = "dwarf-with-dsym";
				ENABLE_NS_ASSERTIONS = NO;
				ENABLE_STRICT_OBJC_MSGSEND = YES;
				GCC_C_LANGUAGE_STANDARD = gnu11;
				GCC_NO_COMMON_BLOCKS = YES;
				GCC_WARN_64_TO_32_BIT_CONVERSION = YES;
				GCC_WARN_ABOUT_RETURN_TYPE = YES_ERROR;
				GCC_WARN_UNDECLARED_SELECTOR = YES;
				GCC_WARN_UNINITIALIZED_AUTOS = YES_AGGRESSIVE;
				GCC_WARN_UNUSED_FUNCTION = YES;
				GCC_WARN_UNUSED_VARIABLE = YES;
				IPHONEOS_DEPLOYMENT_TARGET = 14.5;
				MTL_ENABLE_DEBUG_INFO = NO;
				MTL_FAST_MATH = YES;
				SDKROOT = iphoneos;
				SWIFT_COMPILATION_MODE = wholemodule;
				SWIFT_OPTIMIZATION_LEVEL = "-O";
				VALIDATE_PRODUCT = YES;
			};
			name = Release;
		};
		7A56F677268483FC005164D9 /* Debug */ = {
			isa = XCBuildConfiguration;
			baseConfigurationReference = E0599DC854932E2BD20B8A0F /* Pods-JXRequest.debug.xcconfig */;
			buildSettings = {
				ASSETCATALOG_COMPILER_APPICON_NAME = AppIcon;
				ASSETCATALOG_COMPILER_GLOBAL_ACCENT_COLOR_NAME = AccentColor;
				CODE_SIGN_STYLE = Automatic;
				DEVELOPMENT_TEAM = 679CMUJHT5;
				INFOPLIST_FILE = JXRequest/Info.plist;
				LD_RUNPATH_SEARCH_PATHS = (
					"$(inherited)",
					"@executable_path/Frameworks",
				);
				PRODUCT_BUNDLE_IDENTIFIER = com.jiaxiang.JXRequest;
				PRODUCT_NAME = "$(TARGET_NAME)";
				SWIFT_VERSION = 5.0;
				TARGETED_DEVICE_FAMILY = "1,2";
			};
			name = Debug;
		};
		7A56F678268483FC005164D9 /* Release */ = {
			isa = XCBuildConfiguration;
			baseConfigurationReference = A342437FC7EF68ADDF4DB23B /* Pods-JXRequest.release.xcconfig */;
			buildSettings = {
				ASSETCATALOG_COMPILER_APPICON_NAME = AppIcon;
				ASSETCATALOG_COMPILER_GLOBAL_ACCENT_COLOR_NAME = AccentColor;
				CODE_SIGN_STYLE = Automatic;
				DEVELOPMENT_TEAM = 679CMUJHT5;
				INFOPLIST_FILE = JXRequest/Info.plist;
				LD_RUNPATH_SEARCH_PATHS = (
					"$(inherited)",
					"@executable_path/Frameworks",
				);
				PRODUCT_BUNDLE_IDENTIFIER = com.jiaxiang.JXRequest;
				PRODUCT_NAME = "$(TARGET_NAME)";
				SWIFT_VERSION = 5.0;
				TARGETED_DEVICE_FAMILY = "1,2";
			};
			name = Release;
		};
		7A56F67A268483FC005164D9 /* Debug */ = {
			isa = XCBuildConfiguration;
			buildSettings = {
				ALWAYS_EMBED_SWIFT_STANDARD_LIBRARIES = YES;
				BUNDLE_LOADER = "$(TEST_HOST)";
				CODE_SIGN_STYLE = Automatic;
				DEVELOPMENT_TEAM = 679CMUJHT5;
				INFOPLIST_FILE = JXRequestTests/Info.plist;
				IPHONEOS_DEPLOYMENT_TARGET = 14.5;
				LD_RUNPATH_SEARCH_PATHS = (
					"$(inherited)",
					"@executable_path/Frameworks",
					"@loader_path/Frameworks",
				);
				PRODUCT_BUNDLE_IDENTIFIER = com.jiaxiang.JXRequestTests;
				PRODUCT_NAME = "$(TARGET_NAME)";
				SWIFT_VERSION = 5.0;
				TARGETED_DEVICE_FAMILY = "1,2";
				TEST_HOST = "$(BUILT_PRODUCTS_DIR)/JXRequest.app/JXRequest";
			};
			name = Debug;
		};
		7A56F67B268483FC005164D9 /* Release */ = {
			isa = XCBuildConfiguration;
			buildSettings = {
				ALWAYS_EMBED_SWIFT_STANDARD_LIBRARIES = YES;
				BUNDLE_LOADER = "$(TEST_HOST)";
				CODE_SIGN_STYLE = Automatic;
				DEVELOPMENT_TEAM = 679CMUJHT5;
				INFOPLIST_FILE = JXRequestTests/Info.plist;
				IPHONEOS_DEPLOYMENT_TARGET = 14.5;
				LD_RUNPATH_SEARCH_PATHS = (
					"$(inherited)",
					"@executable_path/Frameworks",
					"@loader_path/Frameworks",
				);
				PRODUCT_BUNDLE_IDENTIFIER = com.jiaxiang.JXRequestTests;
				PRODUCT_NAME = "$(TARGET_NAME)";
				SWIFT_VERSION = 5.0;
				TARGETED_DEVICE_FAMILY = "1,2";
				TEST_HOST = "$(BUILT_PRODUCTS_DIR)/JXRequest.app/JXRequest";
			};
			name = Release;
		};
		7A56F67D268483FC005164D9 /* Debug */ = {
			isa = XCBuildConfiguration;
			buildSettings = {
				ALWAYS_EMBED_SWIFT_STANDARD_LIBRARIES = YES;
				CODE_SIGN_STYLE = Automatic;
				DEVELOPMENT_TEAM = 679CMUJHT5;
				INFOPLIST_FILE = JXRequestUITests/Info.plist;
				LD_RUNPATH_SEARCH_PATHS = (
					"$(inherited)",
					"@executable_path/Frameworks",
					"@loader_path/Frameworks",
				);
				PRODUCT_BUNDLE_IDENTIFIER = com.jiaxiang.JXRequestUITests;
				PRODUCT_NAME = "$(TARGET_NAME)";
				SWIFT_VERSION = 5.0;
				TARGETED_DEVICE_FAMILY = "1,2";
				TEST_TARGET_NAME = JXRequest;
			};
			name = Debug;
		};
		7A56F67E268483FC005164D9 /* Release */ = {
			isa = XCBuildConfiguration;
			buildSettings = {
				ALWAYS_EMBED_SWIFT_STANDARD_LIBRARIES = YES;
				CODE_SIGN_STYLE = Automatic;
				DEVELOPMENT_TEAM = 679CMUJHT5;
				INFOPLIST_FILE = JXRequestUITests/Info.plist;
				LD_RUNPATH_SEARCH_PATHS = (
					"$(inherited)",
					"@executable_path/Frameworks",
					"@loader_path/Frameworks",
				);
				PRODUCT_BUNDLE_IDENTIFIER = com.jiaxiang.JXRequestUITests;
				PRODUCT_NAME = "$(TARGET_NAME)";
				SWIFT_VERSION = 5.0;
				TARGETED_DEVICE_FAMILY = "1,2";
				TEST_TARGET_NAME = JXRequest;
			};
			name = Release;
		};
/* End XCBuildConfiguration section */

/* Begin XCConfigurationList section */
		7A56F647268483F2005164D9 /* Build configuration list for PBXProject "JXRequest" */ = {
			isa = XCConfigurationList;
			buildConfigurations = (
				7A56F674268483FC005164D9 /* Debug */,
				7A56F675268483FC005164D9 /* Release */,
			);
			defaultConfigurationIsVisible = 0;
			defaultConfigurationName = Release;
		};
		7A56F676268483FC005164D9 /* Build configuration list for PBXNativeTarget "JXRequest" */ = {
			isa = XCConfigurationList;
			buildConfigurations = (
				7A56F677268483FC005164D9 /* Debug */,
				7A56F678268483FC005164D9 /* Release */,
			);
			defaultConfigurationIsVisible = 0;
			defaultConfigurationName = Release;
		};
		7A56F679268483FC005164D9 /* Build configuration list for PBXNativeTarget "JXRequestTests" */ = {
			isa = XCConfigurationList;
			buildConfigurations = (
				7A56F67A268483FC005164D9 /* Debug */,
				7A56F67B268483FC005164D9 /* Release */,
			);
			defaultConfigurationIsVisible = 0;
			defaultConfigurationName = Release;
		};
		7A56F67C268483FC005164D9 /* Build configuration list for PBXNativeTarget "JXRequestUITests" */ = {
			isa = XCConfigurationList;
			buildConfigurations = (
				7A56F67D268483FC005164D9 /* Debug */,
				7A56F67E268483FC005164D9 /* Release */,
			);
			defaultConfigurationIsVisible = 0;
			defaultConfigurationName = Release;
		};
/* End XCConfigurationList section */
	};
	rootObject = 7A56F644268483F2005164D9 /* Project object */;
}
